<ProjectSchemaDefinitions>
  <Project Path="src/Gateway/ApiGateway/ApiGateway.csproj" Type="WebApi" />
  <Project Path="src/Services/ActivityService/ActivityService.csproj" Type="WebApi" />
  <Project Path="src/Services/AuthService/AuthService.csproj" Type="WebApi" />
  <Project Path="src/Services/ClubService/ClubService.csproj" Type="WebApi" />
  <Project Path="src/Services/ExportService/ExportService.csproj" Type="WebApi" />
  <Project Path="src/Services/FinanceService/FinanceService.csproj" Type="WebApi" />
  <Project Path="src/Services/NotificationService/NotificationService.csproj" Type="WebApi" />
  <Project Path="src/Services/ReportService/ReportService.csproj" Type="WebApi" />
  <Project Path="src/Shared/ClubReportHub.Shared/ClubReportHub.Shared.csproj" Type="Library" />
  <Project Path="tests/ClubReportHub.Tests/ClubReportHub.Tests.csproj" Type="Test" />
</ProjectSchemaDefinitions>
